
Microsoft Visual Studio Solution File, Format Version 12.00
# Visual Studio 15
VisualStudioVersion = 15.0.26228.4
MinimumVisualStudioVersion = 10.0.40219.1
Project("{FAE04EC0-301F-11D3-BF4B-00C04F79EFBC}") = "HouseCatCleaningJob", "HouseCatCleaningJob\HouseCatCleaningJob.csproj", "{773AAF55-67BD-44DB-9B75-BB095688C2BF}"
EndProject
Global
	GlobalSection(SolutionConfigurationPlatforms) = preSolution
		Debug|Any CPU = Debug|Any CPU
		Release|Any CPU = Release|Any CPU
	EndGlobalSection
	GlobalSection(ProjectConfigurationPlatforms) = postSolution
		{773AAF55-67BD-44DB-9B75-BB095688C2BF}.Debug|Any CPU.ActiveCfg = Debug|Any CPU
		{773AAF55-67BD-44DB-9B75-BB095688C2BF}.Debug|Any CPU.Build.0 = Debug|Any CPU
		{773AAF55-67BD-44DB-9B75-BB095688C2BF}.Release|Any CPU.ActiveCfg = Release|Any CPU
		{773AAF55-67BD-44DB-9B75-BB095688C2BF}.Release|Any CPU.Build.0 = Release|Any CPU
	EndGlobalSection
	GlobalSection(SolutionProperties) = preSolution
		HideSolutionNode = FALSE
	EndGlobalSection
EndGlobal
